
Microsoft Visual Studio Solution File, Format Version 12.00
# Visual Studio 15
VisualStudioVersion = 15.0.27703.2035
MinimumVisualStudioVersion = 10.0.40219.1
Project("{8BC9CEB8-8B4A-11D0-8D11-00A0C91BC942}") = "Lab2", "Lab2\Lab2.vcxproj", "{01B594EF-1A31-44E2-84C5-C2D0FC5491AE}"
EndProject
Global
	GlobalSection(SolutionConfigurationPlatforms) = preSolution
		Debug|x64 = Debug|x64
		Debug|x86 = Debug|x86
		Release|x64 = Release|x64
		Release|x86 = Release|x86
	EndGlobalSection
	GlobalSection(ProjectConfigurationPlatforms) = postSolution
		{01B594EF-1A31-44E2-84C5-C2D0FC5491AE}.Debug|x64.ActiveCfg = Debug|x64
		{01B594EF-1A31-44E2-84C5-C2D0FC5491AE}.Debug|x64.Build.0 = Debug|x64
		{01B594EF-1A31-44E2-84C5-C2D0FC5491AE}.Debug|x86.ActiveCfg = Debug|Win32
		{01B594EF-1A31-44E2-84C5-C2D0FC5491AE}.Debug|x86.Build.0 = Debug|Win32
		{01B594EF-1A31-44E2-84C5-C2D0FC5491AE}.Release|x64.ActiveCfg = Release|x64
		{01B594EF-1A31-44E2-84C5-C2D0FC5491AE}.Release|x64.Build.0 = Release|x64
		{01B594EF-1A31-44E2-84C5-C2D0FC5491AE}.Release|x86.ActiveCfg = Release|Win32
		{01B594EF-1A31-44E2-84C5-C2D0FC5491AE}.Release|x86.Build.0 = Release|Win32
	EndGlobalSection
	GlobalSection(SolutionProperties) = preSolution
		HideSolutionNode = FALSE
	EndGlobalSection
	GlobalSection(ExtensibilityGlobals) = postSolution
		SolutionGuid = {E9E46716-188A-47D4-84E8-607A61EF7679}
	EndGlobalSection
EndGlobal
